{
  "version": 4,
  "terraform_version": "1.8.2",
  "serial": 9,
  "lineage": "4461be69-6806-e556-e1dc-ee7be8dc0ba1",
  "outputs": {},
  "resources": [
    {
      "mode": "data",
      "type": "aws_iam_policy_document",
      "name": "assume_role_policy",
      "provider": "provider[\"registry.terraform.io/hashicorp/aws\"]",
      "instances": [
        {
          "schema_version": 0,
          "attributes": {
            "id": "3235918949",
            "json": "{\n  \"Version\": \"2012-10-17\",\n  \"Statement\": [\n    {\n      \"Effect\": \"Allow\",\n      \"Action\": \"sts:AssumeRole\",\n      \"Principal\": {\n        \"Service\": \"bedrock.amazonaws.com\"\n      }\n    }\n  ]\n}",
            "override_json": null,
            "override_policy_documents": null,
            "policy_id": null,
            "source_json": null,
            "source_policy_documents": null,
            "statement": [
              {
                "actions": [
                  "sts:AssumeRole"
                ],
                "condition": [],
                "effect": "Allow",
                "not_actions": [],
                "not_principals": [],
                "not_resources": [],
                "principals": [
                  {
                    "identifiers": [
                      "bedrock.amazonaws.com"
                    ],
                    "type": "Service"
                  }
                ],
                "resources": [],
                "sid": ""
              }
            ],
            "version": "2012-10-17"
          },
          "sensitive_attributes": []
        }
      ]
    },
    {
      "mode": "managed",
      "type": "aws_iam_role",
      "name": "role",
      "provider": "provider[\"registry.terraform.io/hashicorp/aws\"]",
      "instances": [
        {
          "schema_version": 0,
          "attributes": {
            "arn": "arn:aws:iam::165819210796:role/serverless-llm-apps-bedrock-role",
            "assume_role_policy": "{\"Statement\":[{\"Action\":\"sts:AssumeRole\",\"Effect\":\"Allow\",\"Principal\":{\"Service\":\"bedrock.amazonaws.com\"}}],\"Version\":\"2012-10-17\"}",
            "create_date": "2024-05-01T13:12:56Z",
            "description": "",
            "force_detach_policies": false,
            "id": "serverless-llm-apps-bedrock-role",
            "inline_policy": [
              {
                "name": "serverless-llm-apps-bedrock_policy",
                "policy": "{\"Version\":\"2012-10-17\",\"Statement\":[{\"Action\":[\"logs:Create*\"],\"Effect\":\"Allow\",\"Resource\":[\"arn:aws:logs:eu-central-1:165819210796:log-group:/learning/serverless-llm-apps-amazon-bedrock:log-stream:model-invocations\"],\"Sid\":\"AllowCreateLogStream\"},{\"Action\":[\"logs:Put*\"],\"Effect\":\"Allow\",\"Resource\":[\"arn:aws:logs:eu-central-1:165819210796:log-group:/learning/serverless-llm-apps-amazon-bedrock:log-stream:model-invocations\"],\"Sid\":\"AllowWriteToLogStream\"}]}"
              }
            ],
            "managed_policy_arns": [],
            "max_session_duration": 3600,
            "name": "serverless-llm-apps-bedrock-role",
            "name_prefix": "",
            "path": "/",
            "permissions_boundary": "",
            "tags": {},
            "tags_all": {
              "CreatedBy": "Terraform",
              "Project": "serverless-llm-apps-amazon-bedrock"
            },
            "unique_id": "AROASNG4YLQWEJWT3TLII"
          },
          "sensitive_attributes": [],
          "private": "bnVsbA==",
          "dependencies": [
            "data.aws_iam_policy_document.assume_role_policy"
          ]
        }
      ]
    },
    {
      "mode": "managed",
      "type": "aws_iam_role_policy",
      "name": "role_policy",
      "provider": "provider[\"registry.terraform.io/hashicorp/aws\"]",
      "instances": [
        {
          "schema_version": 0,
          "attributes": {
            "id": "serverless-llm-apps-bedrock-role:serverless-llm-apps-bedrock_policy",
            "name": "serverless-llm-apps-bedrock_policy",
            "name_prefix": "",
            "policy": "{\"Version\":\"2012-10-17\",\"Statement\":[{\"Action\":[\"logs:CreateLogStream\"],\"Effect\":\"Allow\",\"Resource\":[\"arn:aws:logs:eu-central-1:165819210796:log-group:/learning/serverless-llm-apps-amazon-bedrock:*\"],\"Sid\":\"AllowCreateLogStream\"},{\"Action\":[\"logs:PutLogEvents\"],\"Effect\":\"Allow\",\"Resource\":[\"arn:aws:logs:eu-central-1:165819210796:log-group:/learning/serverless-llm-apps-amazon-bedrock:*\"],\"Sid\":\"AllowWriteToLogStream\"}]}",
            "role": "serverless-llm-apps-bedrock-role"
          },
          "sensitive_attributes": [],
          "private": "bnVsbA==",
          "dependencies": [
            "aws_iam_role.role",
            "data.aws_iam_policy_document.assume_role_policy"
          ]
        }
      ]
    }
  ],
  "check_results": null
}
